
Microsoft Visual Studio Solution File, Format Version 12.00
# Visual Studio Version 16
VisualStudioVersion = 16.0.29020.237
MinimumVisualStudioVersion = 10.0.40219.1
Project("{FAE04EC0-301F-11D3-BF4B-00C04F79EFBC}") = "MediaTrAspNetCore", "MediaTrAspNetCore\MediaTrAspNetCore.csproj", "{8A452321-9DF6-42FA-9751-1215D4322898}"
EndProject
Global
	GlobalSection(SolutionConfigurationPlatforms) = preSolution
		Debug|Any CPU = Debug|Any CPU
		Release|Any CPU = Release|Any CPU
	EndGlobalSection
	GlobalSection(ProjectConfigurationPlatforms) = postSolution
		{8A452321-9DF6-42FA-9751-1215D4322898}.Debug|Any CPU.ActiveCfg = Debug|Any CPU
		{8A452321-9DF6-42FA-9751-1215D4322898}.Debug|Any CPU.Build.0 = Debug|Any CPU
		{8A452321-9DF6-42FA-9751-1215D4322898}.Release|Any CPU.ActiveCfg = Release|Any CPU
		{8A452321-9DF6-42FA-9751-1215D4322898}.Release|Any CPU.Build.0 = Release|Any CPU
	EndGlobalSection
	GlobalSection(SolutionProperties) = preSolution
		HideSolutionNode = FALSE
	EndGlobalSection
	GlobalSection(ExtensibilityGlobals) = postSolution
		SolutionGuid = {A7BA1A15-36AF-4EE0-B5B3-25E5019F4DBC}
	EndGlobalSection
EndGlobal
